// !$*UTF8*$!
{
	archiveVersion = 1;
	classes = {
	};
	objectVersion = 77;
	objects = {

/* Begin PBXContainerItemProxy section */
		54B2EEF62CF337E60051125C /* PBXContainerItemProxy */ = {
			isa = PBXContainerItemProxy;
			containerPortal = 54B2EEDD2CF337E40051125C /* Project object */;
			proxyType = 1;
			remoteGlobalIDString = 54B2EEE42CF337E40051125C;
			remoteInfo = Kartenspiel;
		};
		54B2EF002CF337E70051125C /* PBXContainerItemProxy */ = {
			isa = PBXContainerItemProxy;
			containerPortal = 54B2EEDD2CF337E40051125C /* Project object */;
			proxyType = 1;
			remoteGlobalIDString = 54B2EEE42CF337E40051125C;
			remoteInfo = Kartenspiel;
		};
/* End PBXContainerItemProxy section */

/* Begin PBXFileReference section */
		54B2EEE52CF337E40051125C /* Kartenspiel.app */ = {isa = PBXFileReference; explicitFileType = wrapper.application; includeInIndex = 0; path = Kartenspiel.app; sourceTree = BUILT_PRODUCTS_DIR; };
		54B2EEF52CF337E60051125C /* KartenspielTests.xctest */ = {isa = PBXFileReference; explicitFileType = wrapper.cfbundle; includeInIndex = 0; path = KartenspielTests.xctest; sourceTree = BUILT_PRODUCTS_DIR; };
		54B2EEFF2CF337E70051125C /* KartenspielUITests.xctest */ = {isa = PBXFileReference; explicitFileType = wrapper.cfbundle; includeInIndex = 0; path = KartenspielUITests.xctest; sourceTree = BUILT_PRODUCTS_DIR; };
		54B2EF542CF355460051125C /* Kartenspiel.xcodeproj */ = {isa = PBXFileReference; lastKnownFileType = "wrapper.pb-project"; path = Kartenspiel.xcodeproj; sourceTree = SOURCE_ROOT; };
/* End PBXFileReference section */

/* Begin PBXFileSystemSynchronizedRootGroup section */
		54B2EEE72CF337E40051125C /* Kartenspiel */ = {
			isa = PBXFileSystemSynchronizedRootGroup;
			path = Kartenspiel;
			sourceTree = "<group>";
		};
		54B2EEF82CF337E70051125C /* KartenspielTests */ = {
			isa = PBXFileSystemSynchronizedRootGroup;
			path = KartenspielTests;
			sourceTree = "<group>";
		};
		54B2EF022CF337E70051125C /* KartenspielUITests */ = {
			isa = PBXFileSystemSynchronizedRootGroup;
			path = KartenspielUITests;
			sourceTree = "<group>";
		};
/* End PBXFileSystemSynchronizedRootGroup section */

/* Begin PBXFrameworksBuildPhase section */
		54B2EEE22CF337E40051125C /* Frameworks */ = {
			isa = PBXFrameworksBuildPhase;
			buildActionMask = 2147483647;
			files = (
			);
			runOnlyForDeploymentPostprocessing = 0;
		};
		54B2EEF22CF337E60051125C /* Frameworks */ = {
			isa = PBXFrameworksBuildPhase;
			buildActionMask = 2147483647;
			files = (
			);
			runOnlyForDeploymentPostprocessing = 0;
		};
		54B2EEFC2CF337E70051125C /* Frameworks */ = {
			isa = PBXFrameworksBuildPhase;
			buildActionMask = 2147483647;
			files = (
			);
			runOnlyForDeploymentPostprocessing = 0;
		};
/* End PBXFrameworksBuildPhase section */

/* Begin PBXGroup section */
		54B2EEDC2CF337E40051125C = {
			isa = PBXGroup;
			children = (
				54B2EF542CF355460051125C /* Kartenspiel.xcodeproj */,
				54B2EEE72CF337E40051125C /* Kartenspiel */,
				54B2EEF82CF337E70051125C /* KartenspielTests */,
				54B2EF022CF337E70051125C /* KartenspielUITests */,
				54B2EEE62CF337E40051125C /* Products */,
			);
			sourceTree = "<group>";
		};
		54B2EEE62CF337E40051125C /* Products */ = {
			isa = PBXGroup;
			children = (
				54B2EEE52CF337E40051125C /* Kartenspiel.app */,
				54B2EEF52CF337E60051125C /* KartenspielTests.xctest */,
				54B2EEFF2CF337E70051125C /* KartenspielUITests.xctest */,
			);
			name = Products;
			sourceTree = "<group>";
		};
		54B2EF7B2CF3592A0051125C /* Products */ = {
			isa = PBXGroup;
			name = Products;
			sourceTree = "<group>";
		};
/* End PBXGroup section */

/* Begin PBXNativeTarget section */
		54B2EEE42CF337E40051125C /* Kartenspiel */ = {
			isa = PBXNativeTarget;
			buildConfigurationList = 54B2EF092CF337E70051125C /* Build configuration list for PBXNativeTarget "Kartenspiel" */;
			buildPhases = (
				54B2EEE12CF337E40051125C /* Sources */,
				54B2EEE22CF337E40051125C /* Frameworks */,
				54B2EEE32CF337E40051125C /* Resources */,
			);
			buildRules = (
			);
			dependencies = (
			);
			fileSystemSynchronizedGroups = (
				54B2EEE72CF337E40051125C /* Kartenspiel */,
			);
			name = Kartenspiel;
			packageProductDependencies = (
			);
			productName = Kartenspiel;
			productReference = 54B2EEE52CF337E40051125C /* Kartenspiel.app */;
			productType = "com.apple.product-type.application";
		};
		54B2EEF42CF337E60051125C /* KartenspielTests */ = {
			isa = PBXNativeTarget;
			buildConfigurationList = 54B2EF0C2CF337E70051125C /* Build configuration list for PBXNativeTarget "KartenspielTests" */;
			buildPhases = (
				54B2EEF12CF337E60051125C /* Sources */,
				54B2EEF22CF337E60051125C /* Frameworks */,
				54B2EEF32CF337E60051125C /* Resources */,
			);
			buildRules = (
			);
			dependencies = (
				54B2EEF72CF337E60051125C /* PBXTargetDependency */,
			);
			fileSystemSynchronizedGroups = (
				54B2EEF82CF337E70051125C /* KartenspielTests */,
			);
			name = KartenspielTests;
			packageProductDependencies = (
			);
			productName = KartenspielTests;
			productReference = 54B2EEF52CF337E60051125C /* KartenspielTests.xctest */;
			productType = "com.apple.product-type.bundle.unit-test";
		};
		54B2EEFE2CF337E70051125C /* KartenspielUITests */ = {
			isa = PBXNativeTarget;
			buildConfigurationList = 54B2EF0F2CF337E70051125C /* Build configuration list for PBXNativeTarget "KartenspielUITests" */;
			buildPhases = (
				54B2EEFB2CF337E70051125C /* Sources */,
				54B2EEFC2CF337E70051125C /* Frameworks */,
				54B2EEFD2CF337E70051125C /* Resources */,
			);
			buildRules = (
			);
			dependencies = (
				54B2EF012CF337E70051125C /* PBXTargetDependency */,
			);
			fileSystemSynchronizedGroups = (
				54B2EF022CF337E70051125C /* KartenspielUITests */,
			);
			name = KartenspielUITests;
			packageProductDependencies = (
			);
			productName = KartenspielUITests;
			productReference = 54B2EEFF2CF337E70051125C /* KartenspielUITests.xctest */;
			productType = "com.apple.product-type.bundle.ui-testing";
		};
/* End PBXNativeTarget section */

/* Begin PBXProject section */
		54B2EEDD2CF337E40051125C /* Project object */ = {
			isa = PBXProject;
			attributes = {
				BuildIndependentTargetsInParallel = 1;
				LastSwiftUpdateCheck = 1610;
				LastUpgradeCheck = 1610;
				TargetAttributes = {
					54B2EEE42CF337E40051125C = {
						CreatedOnToolsVersion = 16.1;
					};
					54B2EEF42CF337E60051125C = {
						CreatedOnToolsVersion = 16.1;
						TestTargetID = 54B2EEE42CF337E40051125C;
					};
					54B2EEFE2CF337E70051125C = {
						CreatedOnToolsVersion = 16.1;
						TestTargetID = 54B2EEE42CF337E40051125C;
					};
				};
			};
			buildConfigurationList = 54B2EEE02CF337E40051125C /* Build configuration list for PBXProject "Kartenspiel" */;
			developmentRegion = en;
			hasScannedForEncodings = 0;
			knownRegions = (
				en,
				Base,
			);
			mainGroup = 54B2EEDC2CF337E40051125C;
			minimizedProjectReferenceProxies = 1;
			preferredProjectObjectVersion = 77;
			productRefGroup = 54B2EEE62CF337E40051125C /* Products */;
			projectDirPath = "";
			projectReferences = (
				{
					ProductGroup = 54B2EF7B2CF3592A0051125C /* Products */;
					ProjectRef = 54B2EF542CF355460051125C /* Kartenspiel.xcodeproj */;
				},
			);
			projectRoot = "";
			targets = (
				54B2EEE42CF337E40051125C /* Kartenspiel */,
				54B2EEF42CF337E60051125C /* KartenspielTests */,
				54B2EEFE2CF337E70051125C /* KartenspielUITests */,
			);
		};
/* End PBXProject section */

/* Begin PBXResourcesBuildPhase section */
		54B2EEE32CF337E40051125C /* Resources */ = {
			isa = PBXResourcesBuildPhase;
			buildActionMask = 2147483647;
			files = (
			);
			runOnlyForDeploymentPostprocessing = 0;
		};
		54B2EEF32CF337E60051125C /* Resources */ = {
			isa = PBXResourcesBuildPhase;
			buildActionMask = 2147483647;
			files = (
			);
			runOnlyForDeploymentPostprocessing = 0;
		};
		54B2EEFD2CF337E70051125C /* Resources */ = {
			isa = PBXResourcesBuildPhase;
			buildActionMask = 2147483647;
			files = (
			);
			runOnlyForDeploymentPostprocessing = 0;
		};
/* End PBXResourcesBuildPhase section */

/* Begin PBXSourcesBuildPhase section */
		54B2EEE12CF337E40051125C /* Sources */ = {
			isa = PBXSourcesBuildPhase;
			buildActionMask = 2147483647;
			files = (
			);
			runOnlyForDeploymentPostprocessing = 0;
		};
		54B2EEF12CF337E60051125C /* Sources */ = {
			isa = PBXSourcesBuildPhase;
			buildActionMask = 2147483647;
			files = (
			);
			runOnlyForDeploymentPostprocessing = 0;
		};
		54B2EEFB2CF337E70051125C /* Sources */ = {
			isa = PBXSourcesBuildPhase;
			buildActionMask = 2147483647;
			files = (
			);
			runOnlyForDeploymentPostprocessing = 0;
		};
/* End PBXSourcesBuildPhase section */

/* Begin PBXTargetDependency section */
		54B2EEF72CF337E60051125C /* PBXTargetDependency */ = {
			isa = PBXTargetDependency;
			target = 54B2EEE42CF337E40051125C /* Kartenspiel */;
			targetProxy = 54B2EEF62CF337E60051125C /* PBXContainerItemProxy */;
		};
		54B2EF012CF337E70051125C /* PBXTargetDependency */ = {
			isa = PBXTargetDependency;
			target = 54B2EEE42CF337E40051125C /* Kartenspiel */;
			targetProxy = 54B2EF002CF337E70051125C /* PBXContainerItemProxy */;
		};
/* End PBXTargetDependency section */

/* Begin XCBuildConfiguration section */
		54B2EF072CF337E70051125C /* Debug */ = {
			isa = XCBuildConfiguration;
			buildSettings = {
				ALWAYS_SEARCH_USER_PATHS = NO;
				ASSETCATALOG_COMPILER_GENERATE_SWIFT_ASSET_SYMBOL_EXTENSIONS = YES;
				CLANG_ANALYZER_NONNULL = YES;
				CLANG_ANALYZER_NUMBER_OBJECT_CONVERSION = YES_AGGRESSIVE;
				CLANG_CXX_LANGUAGE_STANDARD = "gnu++20";
				CLANG_ENABLE_MODULES = YES;
				CLANG_ENABLE_OBJC_ARC = YES;
				CLANG_ENABLE_OBJC_WEAK = YES;
				CLANG_WARN_BLOCK_CAPTURE_AUTORELEASING = YES;
				CLANG_WARN_BOOL_CONVERSION = YES;
				CLANG_WARN_COMMA = YES;
				CLANG_WARN_CONSTANT_CONVERSION = YES;
				CLANG_WARN_DEPRECATED_OBJC_IMPLEMENTATIONS = YES;
				CLANG_WARN_DIRECT_OBJC_ISA_USAGE = YES_ERROR;
				CLANG_WARN_DOCUMENTATION_COMMENTS = YES;
				CLANG_WARN_EMPTY_BODY = YES;
				CLANG_WARN_ENUM_CONVERSION = YES;
				CLANG_WARN_INFINITE_RECURSION = YES;
				CLANG_WARN_INT_CONVERSION = YES;
				CLANG_WARN_NON_LITERAL_NULL_CONVERSION = YES;
				CLANG_WARN_OBJC_IMPLICIT_RETAIN_SELF = YES;
				CLANG_WARN_OBJC_LITERAL_CONVERSION = YES;
				CLANG_WARN_OBJC_ROOT_CLASS = YES_ERROR;
				CLANG_WARN_QUOTED_INCLUDE_IN_FRAMEWORK_HEADER = YES;
				CLANG_WARN_RANGE_LOOP_ANALYSIS = YES;
				CLANG_WARN_STRICT_PROTOTYPES = YES;
				CLANG_WARN_SUSPICIOUS_MOVE = YES;
				CLANG_WARN_UNGUARDED_AVAILABILITY = YES_AGGRESSIVE;
				CLANG_WARN_UNREACHABLE_CODE = YES;
				CLANG_WARN__DUPLICATE_METHOD_MATCH = YES;
				COPY_PHASE_STRIP = NO;
				DEBUG_INFORMATION_FORMAT = dwarf;
				ENABLE_STRICT_OBJC_MSGSEND = YES;
				ENABLE_TESTABILITY = YES;
				ENABLE_USER_SCRIPT_SANDBOXING = YES;
				GCC_C_LANGUAGE_STANDARD = gnu17;
				GCC_DYNAMIC_NO_PIC = NO;
				GCC_NO_COMMON_BLOCKS = YES;
				GCC_OPTIMIZATION_LEVEL = 0;
				GCC_PREPROCESSOR_DEFINITIONS = (
					"DEBUG=1",
					"$(inherited)",
				);
				GCC_WARN_64_TO_32_BIT_CONVERSION = YES;
				GCC_WARN_ABOUT_RETURN_TYPE = YES_ERROR;
				GCC_WARN_UNDECLARED_SELECTOR = YES;
				GCC_WARN_UNINITIALIZED_AUTOS = YES_AGGRESSIVE;
				GCC_WARN_UNUSED_FUNCTION = YES;
				GCC_WARN_UNUSED_VARIABLE = YES;
				IPHONEOS_DEPLOYMENT_TARGET = 18.1;
				LOCALIZATION_PREFERS_STRING_CATALOGS = YES;
				MTL_ENABLE_DEBUG_INFO = INCLUDE_SOURCE;
				MTL_FAST_MATH = YES;
				ONLY_ACTIVE_ARCH = YES;
				SDKROOT = iphoneos;
				SWIFT_ACTIVE_COMPILATION_CONDITIONS = "DEBUG $(inherited)";
				SWIFT_OPTIMIZATION_LEVEL = "-Onone";
			};
			name = Debug;
		};
		54B2EF082CF337E70051125C /* Release */ = {
			isa = XCBuildConfiguration;
			buildSettings = {
				ALWAYS_SEARCH_USER_PATHS = NO;
				ASSETCATALOG_COMPILER_GENERATE_SWIFT_ASSET_SYMBOL_EXTENSIONS = YES;
				CLANG_ANALYZER_NONNULL = YES;
				CLANG_ANALYZER_NUMBER_OBJECT_CONVERSION = YES_AGGRESSIVE;
				CLANG_CXX_LANGUAGE_STANDARD = "gnu++20";
				CLANG_ENABLE_MODULES = YES;
				CLANG_ENABLE_OBJC_ARC = YES;
				CLANG_ENABLE_OBJC_WEAK = YES;
				CLANG_WARN_BLOCK_CAPTURE_AUTORELEASING = YES;
				CLANG_WARN_BOOL_CONVERSION = YES;
				CLANG_WARN_COMMA = YES;
				CLANG_WARN_CONSTANT_CONVERSION = YES;
				CLANG_WARN_DEPRECATED_OBJC_IMPLEMENTATIONS = YES;
				CLANG_WARN_DIRECT_OBJC_ISA_USAGE = YES_ERROR;
				CLANG_WARN_DOCUMENTATION_COMMENTS = YES;
				CLANG_WARN_EMPTY_BODY = YES;
				CLANG_WARN_ENUM_CONVERSION = YES;
				CLANG_WARN_INFINITE_RECURSION = YES;
				CLANG_WARN_INT_CONVERSION = YES;
				CLANG_WARN_NON_LITERAL_NULL_CONVERSION = YES;
				CLANG_WARN_OBJC_IMPLICIT_RETAIN_SELF = YES;
				CLANG_WARN_OBJC_LITERAL_CONVERSION = YES;
				CLANG_WARN_OBJC_ROOT_CLASS = YES_ERROR;
				CLANG_WARN_QUOTED_INCLUDE_IN_FRAMEWORK_HEADER = YES;
				CLANG_WARN_RANGE_LOOP_ANALYSIS = YES;
				CLANG_WARN_STRICT_PROTOTYPES = YES;
				CLANG_WARN_SUSPICIOUS_MOVE = YES;
				CLANG_WARN_UNGUARDED_AVAILABILITY = YES_AGGRESSIVE;
				CLANG_WARN_UNREACHABLE_CODE = YES;
				CLANG_WARN__DUPLICATE_METHOD_MATCH = YES;
				COPY_PHASE_STRIP = NO;
				DEBUG_INFORMATION_FORMAT = "dwarf-with-dsym";
				ENABLE_NS_ASSERTIONS = NO;
				ENABLE_STRICT_OBJC_MSGSEND = YES;
				ENABLE_USER_SCRIPT_SANDBOXING = YES;
				GCC_C_LANGUAGE_STANDARD = gnu17;
				GCC_NO_COMMON_BLOCKS = YES;
				GCC_WARN_64_TO_32_BIT_CONVERSION = YES;
				GCC_WARN_ABOUT_RETURN_TYPE = YES_ERROR;
				GCC_WARN_UNDECLARED_SELECTOR = YES;
				GCC_WARN_UNINITIALIZED_AUTOS = YES_AGGRESSIVE;
				GCC_WARN_UNUSED_FUNCTION = YES;
				GCC_WARN_UNUSED_VARIABLE = YES;
				IPHONEOS_DEPLOYMENT_TARGET = 18.1;
				LOCALIZATION_PREFERS_STRING_CATALOGS = YES;
				MTL_ENABLE_DEBUG_INFO = NO;
				MTL_FAST_MATH = YES;
				SDKROOT = iphoneos;
				SWIFT_COMPILATION_MODE = wholemodule;
				VALIDATE_PRODUCT = YES;
			};
			name = Release;
		};
		54B2EF0A2CF337E70051125C /* Debug */ = {
			isa = XCBuildConfiguration;
			buildSettings = {
				ASSETCATALOG_COMPILER_APPICON_NAME = AppIcon;
				ASSETCATALOG_COMPILER_GLOBAL_ACCENT_COLOR_NAME = AccentColor;
				ASSETCATALOG_COMPILER_INCLUDE_ALL_APPICON_ASSETS = YES;
				CODE_SIGN_STYLE = Automatic;
				CURRENT_PROJECT_VERSION = 1;
				DEVELOPMENT_ASSET_PATHS = "\"Kartenspiel/Preview Content\"";
				DEVELOPMENT_TEAM = B26D7F4MQ2;
				ENABLE_PREVIEWS = YES;
				GENERATE_INFOPLIST_FILE = YES;
				INFOPLIST_KEY_LSApplicationCategoryType = "public.app-category.card-games";
				INFOPLIST_KEY_UIApplicationSceneManifest_Generation = YES;
				INFOPLIST_KEY_UIApplicationSupportsIndirectInputEvents = YES;
				INFOPLIST_KEY_UILaunchScreen_Generation = YES;
				INFOPLIST_KEY_UISupportedInterfaceOrientations_iPad = "UIInterfaceOrientationPortrait UIInterfaceOrientationPortraitUpsideDown UIInterfaceOrientationLandscapeLeft UIInterfaceOrientationLandscapeRight";
				INFOPLIST_KEY_UISupportedInterfaceOrientations_iPhone = "UIInterfaceOrientationPortrait UIInterfaceOrientationLandscapeLeft UIInterfaceOrientationLandscapeRight";
				LD_RUNPATH_SEARCH_PATHS = (
					"$(inherited)",
					"@executable_path/Frameworks",
				);
				MARKETING_VERSION = 1.0;
				PRODUCT_BUNDLE_IDENTIFIER = de.todu.cardplay.Kartenspiel;
				PRODUCT_NAME = "$(TARGET_NAME)";
				SWIFT_EMIT_LOC_STRINGS = YES;
				SWIFT_VERSION = 5.0;
				TARGETED_DEVICE_FAMILY = "1,2";
			};
			name = Debug;
		};
		54B2EF0B2CF337E70051125C /* Release */ = {
			isa = XCBuildConfiguration;
			buildSettings = {
				ASSETCATALOG_COMPILER_APPICON_NAME = AppIcon;
				ASSETCATALOG_COMPILER_GLOBAL_ACCENT_COLOR_NAME = AccentColor;
				ASSETCATALOG_COMPILER_INCLUDE_ALL_APPICON_ASSETS = YES;
				CODE_SIGN_STYLE = Automatic;
				CURRENT_PROJECT_VERSION = 1;
				DEVELOPMENT_ASSET_PATHS = "\"Kartenspiel/Preview Content\"";
				DEVELOPMENT_TEAM = B26D7F4MQ2;
				ENABLE_PREVIEWS = YES;
				GENERATE_INFOPLIST_FILE = YES;
				INFOPLIST_KEY_LSApplicationCategoryType = "public.app-category.card-games";
				INFOPLIST_KEY_UIApplicationSceneManifest_Generation = YES;
				INFOPLIST_KEY_UIApplicationSupportsIndirectInputEvents = YES;
				INFOPLIST_KEY_UILaunchScreen_Generation = YES;
				INFOPLIST_KEY_UISupportedInterfaceOrientations_iPad = "UIInterfaceOrientationPortrait UIInterfaceOrientationPortraitUpsideDown UIInterfaceOrientationLandscapeLeft UIInterfaceOrientationLandscapeRight";
				INFOPLIST_KEY_UISupportedInterfaceOrientations_iPhone = "UIInterfaceOrientationPortrait UIInterfaceOrientationLandscapeLeft UIInterfaceOrientationLandscapeRight";
				LD_RUNPATH_SEARCH_PATHS = (
					"$(inherited)",
					"@executable_path/Frameworks",
				);
				MARKETING_VERSION = 1.0;
				PRODUCT_BUNDLE_IDENTIFIER = de.todu.cardplay.Kartenspiel;
				PRODUCT_NAME = "$(TARGET_NAME)";
				SWIFT_EMIT_LOC_STRINGS = YES;
				SWIFT_VERSION = 5.0;
				TARGETED_DEVICE_FAMILY = "1,2";
			};
			name = Release;
		};
		54B2EF0D2CF337E70051125C /* Debug */ = {
			isa = XCBuildConfiguration;
			buildSettings = {
				BUNDLE_LOADER = "$(TEST_HOST)";
				CODE_SIGN_STYLE = Automatic;
				CURRENT_PROJECT_VERSION = 1;
				GENERATE_INFOPLIST_FILE = YES;
				IPHONEOS_DEPLOYMENT_TARGET = 18.1;
				MARKETING_VERSION = 1.0;
				PRODUCT_BUNDLE_IDENTIFIER = de.todu.cardplay.KartenspielTests;
				PRODUCT_NAME = "$(TARGET_NAME)";
				SWIFT_EMIT_LOC_STRINGS = NO;
				SWIFT_VERSION = 5.0;
				TARGETED_DEVICE_FAMILY = "1,2";
				TEST_HOST = "$(BUILT_PRODUCTS_DIR)/Kartenspiel.app/$(BUNDLE_EXECUTABLE_FOLDER_PATH)/Kartenspiel";
			};
			name = Debug;
		};
		54B2EF0E2CF337E70051125C /* Release */ = {
			isa = XCBuildConfiguration;
			buildSettings = {
				BUNDLE_LOADER = "$(TEST_HOST)";
				CODE_SIGN_STYLE = Automatic;
				CURRENT_PROJECT_VERSION = 1;
				GENERATE_INFOPLIST_FILE = YES;
				IPHONEOS_DEPLOYMENT_TARGET = 18.1;
				MARKETING_VERSION = 1.0;
				PRODUCT_BUNDLE_IDENTIFIER = de.todu.cardplay.KartenspielTests;
				PRODUCT_NAME = "$(TARGET_NAME)";
				SWIFT_EMIT_LOC_STRINGS = NO;
				SWIFT_VERSION = 5.0;
				TARGETED_DEVICE_FAMILY = "1,2";
				TEST_HOST = "$(BUILT_PRODUCTS_DIR)/Kartenspiel.app/$(BUNDLE_EXECUTABLE_FOLDER_PATH)/Kartenspiel";
			};
			name = Release;
		};
		54B2EF102CF337E70051125C /* Debug */ = {
			isa = XCBuildConfiguration;
			buildSettings = {
				CODE_SIGN_STYLE = Automatic;
				CURRENT_PROJECT_VERSION = 1;
				GENERATE_INFOPLIST_FILE = YES;
				MARKETING_VERSION = 1.0;
				PRODUCT_BUNDLE_IDENTIFIER = de.todu.cardplay.KartenspielUITests;
				PRODUCT_NAME = "$(TARGET_NAME)";
				SWIFT_EMIT_LOC_STRINGS = NO;
				SWIFT_VERSION = 5.0;
				TARGETED_DEVICE_FAMILY = "1,2";
				TEST_TARGET_NAME = Kartenspiel;
			};
			name = Debug;
		};
		54B2EF112CF337E70051125C /* Release */ = {
			isa = XCBuildConfiguration;
			buildSettings = {
				CODE_SIGN_STYLE = Automatic;
				CURRENT_PROJECT_VERSION = 1;
				GENERATE_INFOPLIST_FILE = YES;
				MARKETING_VERSION = 1.0;
				PRODUCT_BUNDLE_IDENTIFIER = de.todu.cardplay.KartenspielUITests;
				PRODUCT_NAME = "$(TARGET_NAME)";
				SWIFT_EMIT_LOC_STRINGS = NO;
				SWIFT_VERSION = 5.0;
				TARGETED_DEVICE_FAMILY = "1,2";
				TEST_TARGET_NAME = Kartenspiel;
			};
			name = Release;
		};
/* End XCBuildConfiguration section */

/* Begin XCConfigurationList section */
		54B2EEE02CF337E40051125C /* Build configuration list for PBXProject "Kartenspiel" */ = {
			isa = XCConfigurationList;
			buildConfigurations = (
				54B2EF072CF337E70051125C /* Debug */,
				54B2EF082CF337E70051125C /* Release */,
			);
			defaultConfigurationIsVisible = 0;
			defaultConfigurationName = Release;
		};
		54B2EF092CF337E70051125C /* Build configuration list for PBXNativeTarget "Kartenspiel" */ = {
			isa = XCConfigurationList;
			buildConfigurations = (
				54B2EF0A2CF337E70051125C /* Debug */,
				54B2EF0B2CF337E70051125C /* Release */,
			);
			defaultConfigurationIsVisible = 0;
			defaultConfigurationName = Release;
		};
		54B2EF0C2CF337E70051125C /* Build configuration list for PBXNativeTarget "KartenspielTests" */ = {
			isa = XCConfigurationList;
			buildConfigurations = (
				54B2EF0D2CF337E70051125C /* Debug */,
				54B2EF0E2CF337E70051125C /* Release */,
			);
			defaultConfigurationIsVisible = 0;
			defaultConfigurationName = Release;
		};
		54B2EF0F2CF337E70051125C /* Build configuration list for PBXNativeTarget "KartenspielUITests" */ = {
			isa = XCConfigurationList;
			buildConfigurations = (
				54B2EF102CF337E70051125C /* Debug */,
				54B2EF112CF337E70051125C /* Release */,
			);
			defaultConfigurationIsVisible = 0;
			defaultConfigurationName = Release;
		};
/* End XCConfigurationList section */
	};
	rootObject = 54B2EEDD2CF337E40051125C /* Project object */;
}
